# This file is automatically @generated by Cargo.
# It is not intended for manual editing.
version = 3

[[package]]
name = "bitflags"
version = "1.3.2"
source = "registry+https://github.com/rust-lang/crates.io-index"
checksum = "bef38d45163c2f1dde094a7dfd33ccf595c92905c8f8f4fdc18d06fb1037718a"

[[package]]
name = "cafebabe"
version = "0.5.0"
dependencies = [
 "bitflags",
 "cesu8",
]

[[package]]
name = "cesu8"
version = "1.1.0"
source = "registry+https://github.com/rust-lang/crates.io-index"
checksum = "6d43a04d8753f35258c91f8ec639f792891f748a1edbd759cf1dcea3382ad83c"

[[package]]
name = "enum-as-inner"
version = "0.5.0"
source = "registry+https://github.com/rust-lang/crates.io-index"
checksum = "432f044e9077ad6666f3446df0489a71ac3ed0336ea54edf6b85e00cd7562283"
dependencies = [
 "heck",
 "proc-macro2",
 "quote",
 "syn",
]

[[package]]
name = "heck"
version = "0.4.0"
source = "registry+https://github.com/rust-lang/crates.io-index"
checksum = "2540771e65fc8cb83cd6e8a237f70c319bd5c29f78ed1084ba5d50eeac86f7f9"

[[package]]
name = "itoa"
version = "1.0.2"
source = "registry+https://github.com/rust-lang/crates.io-index"
checksum = "112c678d4050afce233f4f2852bb2eb519230b3cf12f33585275537d7e41578d"

[[package]]
name = "jaffi"
version = "0.1.0"
dependencies = [
 "cafebabe",
 "enum-as-inner",
 "serde",
 "thiserror",
 "tinytemplate",
 "typed-builder",
]

[[package]]
name = "proc-macro2"
version = "1.0.40"
source = "registry+https://github.com/rust-lang/crates.io-index"
checksum = "dd96a1e8ed2596c337f8eae5f24924ec83f5ad5ab21ea8e455d3566c69fbcaf7"
dependencies = [
 "unicode-ident",
]

[[package]]
name = "quote"
version = "1.0.20"
source = "registry+https://github.com/rust-lang/crates.io-index"
checksum = "3bcdf212e9776fbcb2d23ab029360416bb1706b1aea2d1a5ba002727cbcab804"
dependencies = [
 "proc-macro2",
]

[[package]]
name = "ryu"
version = "1.0.10"
source = "registry+https://github.com/rust-lang/crates.io-index"
checksum = "f3f6f92acf49d1b98f7a81226834412ada05458b7364277387724a237f062695"

[[package]]
name = "serde"
version = "1.0.137"
source = "registry+https://github.com/rust-lang/crates.io-index"
checksum = "61ea8d54c77f8315140a05f4c7237403bf38b72704d031543aa1d16abbf517d1"
dependencies = [
 "serde_derive",
]

[[package]]
name = "serde_derive"
version = "1.0.137"
source = "registry+https://github.com/rust-lang/crates.io-index"
checksum = "1f26faba0c3959972377d3b2d306ee9f71faee9714294e41bb777f83f88578be"
dependencies = [
 "proc-macro2",
 "quote",
 "syn",
]

[[package]]
name = "serde_json"
version = "1.0.81"
source = "registry+https://github.com/rust-lang/crates.io-index"
checksum = "9b7ce2b32a1aed03c558dc61a5cd328f15aff2dbc17daad8fb8af04d2100e15c"
dependencies = [
 "itoa",
 "ryu",
 "serde",
]

[[package]]
name = "syn"
version = "1.0.98"
source = "registry+https://github.com/rust-lang/crates.io-index"
checksum = "c50aef8a904de4c23c788f104b7dddc7d6f79c647c7c8ce4cc8f73eb0ca773dd"
dependencies = [
 "proc-macro2",
 "quote",
 "unicode-ident",
]

[[package]]
name = "thiserror"
version = "1.0.31"
source = "registry+https://github.com/rust-lang/crates.io-index"
checksum = "bd829fe32373d27f76265620b5309d0340cb8550f523c1dda251d6298069069a"
dependencies = [
 "thiserror-impl",
]

[[package]]
name = "thiserror-impl"
version = "1.0.31"
source = "registry+https://github.com/rust-lang/crates.io-index"
checksum = "0396bc89e626244658bef819e22d0cc459e795a5ebe878e6ec336d1674a8d79a"
dependencies = [
 "proc-macro2",
 "quote",
 "syn",
]

[[package]]
name = "tinytemplate"
version = "1.2.1"
source = "registry+https://github.com/rust-lang/crates.io-index"
checksum = "be4d6b5f19ff7664e8c98d03e2139cb510db9b0a60b55f8e8709b689d939b6bc"
dependencies = [
 "serde",
 "serde_json",
]

[[package]]
name = "typed-builder"
version = "0.10.0"
source = "registry+https://github.com/rust-lang/crates.io-index"
checksum = "89851716b67b937e393b3daa8423e67ddfc4bbbf1654bcf05488e95e0828db0c"
dependencies = [
 "proc-macro2",
 "quote",
 "syn",
]

[[package]]
name = "unicode-ident"
version = "1.0.1"
source = "registry+https://github.com/rust-lang/crates.io-index"
checksum = "5bd2fe26506023ed7b5e1e315add59d6f584c621d037f9368fea9cfb988f368c"
